
Microsoft Visual Studio Solution File, Format Version 12.00
# Visual Studio Version 17
VisualStudioVersion = 17.8.34525.116
MinimumVisualStudioVersion = 10.0.40219.1
Project("{FAE04EC0-301F-11D3-BF4B-00C04F79EFBC}") = "asysa_inmed-cenabast", "asysa_inmed-cenabast\asysa_inmed-cenabast.csproj", "{0A781665-C77F-42C0-8884-E5E0AFBDE357}"
EndProject
Global
	GlobalSection(SolutionConfigurationPlatforms) = preSolution
		Debug|Any CPU = Debug|Any CPU
		Release|Any CPU = Release|Any CPU
	EndGlobalSection
	GlobalSection(ProjectConfigurationPlatforms) = postSolution
		{0A781665-C77F-42C0-8884-E5E0AFBDE357}.Debug|Any CPU.ActiveCfg = Debug|Any CPU
		{0A781665-C77F-42C0-8884-E5E0AFBDE357}.Debug|Any CPU.Build.0 = Debug|Any CPU
		{0A781665-C77F-42C0-8884-E5E0AFBDE357}.Release|Any CPU.ActiveCfg = Release|Any CPU
		{0A781665-C77F-42C0-8884-E5E0AFBDE357}.Release|Any CPU.Build.0 = Release|Any CPU
	EndGlobalSection
	GlobalSection(SolutionProperties) = preSolution
		HideSolutionNode = FALSE
	EndGlobalSection
	GlobalSection(ExtensibilityGlobals) = postSolution
		SolutionGuid = {85CFBC43-0ED3-4186-AFCC-627BE927A774}
	EndGlobalSection
EndGlobal
